
Microsoft Visual Studio Solution File, Format Version 12.00
# Visual Studio Version 16
VisualStudioVersion = 16.0.29609.76
MinimumVisualStudioVersion = 10.0.40219.1
Project("{FAE04EC0-301F-11D3-BF4B-00C04F79EFBC}") = "SeleniumProject", "SeleniumProject\SeleniumProject.csproj", "{0D5286EC-4E2D-43B6-92B1-0941D789EDED}"
EndProject
Global
	GlobalSection(SolutionConfigurationPlatforms) = preSolution
		Debug|Any CPU = Debug|Any CPU
		Release|Any CPU = Release|Any CPU
	EndGlobalSection
	GlobalSection(ProjectConfigurationPlatforms) = postSolution
		{0D5286EC-4E2D-43B6-92B1-0941D789EDED}.Debug|Any CPU.ActiveCfg = Debug|Any CPU
		{0D5286EC-4E2D-43B6-92B1-0941D789EDED}.Debug|Any CPU.Build.0 = Debug|Any CPU
		{0D5286EC-4E2D-43B6-92B1-0941D789EDED}.Release|Any CPU.ActiveCfg = Release|Any CPU
		{0D5286EC-4E2D-43B6-92B1-0941D789EDED}.Release|Any CPU.Build.0 = Release|Any CPU
	EndGlobalSection
	GlobalSection(SolutionProperties) = preSolution
		HideSolutionNode = FALSE
	EndGlobalSection
	GlobalSection(ExtensibilityGlobals) = postSolution
		SolutionGuid = {42B64F53-ADA4-4A41-99AC-2C1A1D6C0F5F}
	EndGlobalSection
EndGlobal
